// !$*UTF8*$!
{
	archiveVersion = 1;
	classes = {
	};
	objectVersion = 54;
	objects = {

/* Begin PBXBuildFile section */
		00E8EC6BEFF347AA8AC5B8A5 /* Inter_24pt-ExtraLightItalic.ttf in Resources */ = {isa = PBXBuildFile; fileRef = 6FD2342172DA46B7ABA14146 /* Inter_24pt-ExtraLightItalic.ttf */; };
		01B0956DC25D4DC99C1D5FFD /* Inter_28pt-Bold.ttf in Resources */ = {isa = PBXBuildFile; fileRef = DB60950C65634E46AD5EBD26 /* Inter_28pt-Bold.ttf */; };
		049EB1D3A56446F3BBEF341A /* Inter_28pt-ExtraLight.ttf in Resources */ = {isa = PBXBuildFile; fileRef = DED38D2731BC420B9D5847D7 /* Inter_28pt-ExtraLight.ttf */; };
		04F2F853E0D94B9E8DD5D5EA /* RobotoMono-BoldItalic.ttf in Resources */ = {isa = PBXBuildFile; fileRef = 82B984F45B5746828AE7E0EC /* RobotoMono-BoldItalic.ttf */; };
		051E0840B0814EB4BDD0BEA3 /* RobotoMono-Thin.ttf in Resources */ = {isa = PBXBuildFile; fileRef = CAFA4BAB706144C488D2C084 /* RobotoMono-Thin.ttf */; };
		05ED943CEF3B4A698C8AF021 /* Inter_18pt-Black.ttf in Resources */ = {isa = PBXBuildFile; fileRef = 8FD5A1F91D5142EBBCB9C8ED /* Inter_18pt-Black.ttf */; };
		07571FD1AB5040D0979D18B3 /* Inter_18pt-ExtraLight.ttf in Resources */ = {isa = PBXBuildFile; fileRef = B3A13848E84C4185AD0041E6 /* Inter_18pt-ExtraLight.ttf */; };
		0E17C4F3CE99483CA9A02062 /* README.txt in Resources */ = {isa = PBXBuildFile; fileRef = E8109DB601814CAF85BDC25F /* README.txt */; };
		13B07FBF1A68108700A75B9A /* Images.xcassets in Resources */ = {isa = PBXBuildFile; fileRef = 13B07FB51A68108700A75B9A /* Images.xcassets */; };
		1B15AFBEB48148BC9363509F /* RobotoMono-ExtraLight.ttf in Resources */ = {isa = PBXBuildFile; fileRef = 4477248F22904E80B197F719 /* RobotoMono-ExtraLight.ttf */; };
		1B259F4072EF4772A444BAD4 /* Inter_18pt-ThinItalic.ttf in Resources */ = {isa = PBXBuildFile; fileRef = 6A1F780B80AF4566871AF0DB /* Inter_18pt-ThinItalic.ttf */; };
		22F4D81A8D8C436D8323E35A /* Inter_18pt-Light.ttf in Resources */ = {isa = PBXBuildFile; fileRef = 7DFDF0E68CE1488DAB24FFA3 /* Inter_18pt-Light.ttf */; };
		253E66DD41BB41BC99631C0A /* Inter_18pt-ExtraLightItalic.ttf in Resources */ = {isa = PBXBuildFile; fileRef = 33B78283D1FD42588D4C092E /* Inter_18pt-ExtraLightItalic.ttf */; };
		25A33B8233C3497AB9211A30 /* RobotoMono-Regular.ttf in Resources */ = {isa = PBXBuildFile; fileRef = A68A44B424BA451A941EB3F7 /* RobotoMono-Regular.ttf */; };
		26E7F44751774BB2B995611D /* RobotoMono-Medium.ttf in Resources */ = {isa = PBXBuildFile; fileRef = 3769B02DC46348238FA11DF8 /* RobotoMono-Medium.ttf */; };
		28ACB13BF60F4720B0869EF1 /* Inter_28pt-SemiBoldItalic.ttf in Resources */ = {isa = PBXBuildFile; fileRef = 2E10F6FC44074591A2F3D98E /* Inter_28pt-SemiBoldItalic.ttf */; };
		2DC35450B8444157B2A4025B /* Inter_28pt-Regular.ttf in Resources */ = {isa = PBXBuildFile; fileRef = 0315C051938348169D1C861C /* Inter_28pt-Regular.ttf */; };
		31766781407E452AA6A72561 /* OFL.txt in Resources */ = {isa = PBXBuildFile; fileRef = 7C88F176E9664D4EA2A5414A /* OFL.txt */; };
		3200D14A9C8A474AA6E42319 /* Inter_24pt-ExtraBoldItalic.ttf in Resources */ = {isa = PBXBuildFile; fileRef = CD931D6A6A0540FF9510BA56 /* Inter_24pt-ExtraBoldItalic.ttf */; };
		3715CB2031974126B9ECDECA /* RobotoMono-Italic-VariableFont_wght.ttf in Resources */ = {isa = PBXBuildFile; fileRef = 89BCC507BF904DCEA7321A3F /* RobotoMono-Italic-VariableFont_wght.ttf */; };
		37F01E22BDF746F6B407D423 /* Inter_24pt-Black.ttf in Resources */ = {isa = PBXBuildFile; fileRef = 258A6C092A1B4DF0A24A2F21 /* Inter_24pt-Black.ttf */; };
		3A9EC4F274114818B6EEC878 /* RobotoMono-MediumItalic.ttf in Resources */ = {isa = PBXBuildFile; fileRef = 99C13FBE517444709383004D /* RobotoMono-MediumItalic.ttf */; };
		3B1D76A935144DF4A4B27438 /* Inter_24pt-ThinItalic.ttf in Resources */ = {isa = PBXBuildFile; fileRef = 4D4FD6C2FE6042118A51B71F /* Inter_24pt-ThinItalic.ttf */; };
		400815146C22400593DB7F90 /* Inter_24pt-Medium.ttf in Resources */ = {isa = PBXBuildFile; fileRef = 21DC63C15BFF41D5BDA35D19 /* Inter_24pt-Medium.ttf */; };
		4A3B1FB942EB48368EF2719B /* Inter_28pt-SemiBold.ttf in Resources */ = {isa = PBXBuildFile; fileRef = 262959EB15784D36B218A86A /* Inter_28pt-SemiBold.ttf */; };
		4C8AD7579BEC4CD296BA6626 /* RobotoMono-Light.ttf in Resources */ = {isa = PBXBuildFile; fileRef = 1EF980ADAB89497FBF16FDED /* RobotoMono-Light.ttf */; };
		4CAB934156394FD1B7D4C6A9 /* Inter_18pt-BlackItalic.ttf in Resources */ = {isa = PBXBuildFile; fileRef = 0C566970F57246C09DA39096 /* Inter_18pt-BlackItalic.ttf */; };
		510ED4479EBA4CD8B7212DA7 /* Inter_18pt-Thin.ttf in Resources */ = {isa = PBXBuildFile; fileRef = 64A6FE6624BB44B7987A6194 /* Inter_18pt-Thin.ttf */; };
		54D712CC8FD744EE9A9FB60A /* Inter_18pt-SemiBold.ttf in Resources */ = {isa = PBXBuildFile; fileRef = A2CA913183F04E80B6EB103B /* Inter_18pt-SemiBold.ttf */; };
		56D0BE246D1E4E96B3085F9A /* RobotoMono-ExtraLightItalic.ttf in Resources */ = {isa = PBXBuildFile; fileRef = B7A528C4716F401BB10CB9AB /* RobotoMono-ExtraLightItalic.ttf */; };
		5A3B06CC499B4451A33D440B /* RobotoMono-Italic.ttf in Resources */ = {isa = PBXBuildFile; fileRef = 8A9EF7EB922846DC9D9F046A /* RobotoMono-Italic.ttf */; };
		5DFFC9B049ED4434BC231094 /* Inter_24pt-BlackItalic.ttf in Resources */ = {isa = PBXBuildFile; fileRef = 59AA33ACF9DB4E10B1178F29 /* Inter_24pt-BlackItalic.ttf */; };
		62C3547BF4804B559F2CD093 /* Inter_24pt-SemiBoldItalic.ttf in Resources */ = {isa = PBXBuildFile; fileRef = 668541ED11AA41D985C80B82 /* Inter_24pt-SemiBoldItalic.ttf */; };
		637267172DCD4BC595BBD71E /* RobotoMono-LightItalic.ttf in Resources */ = {isa = PBXBuildFile; fileRef = BBF809ECCBB440979DB22A38 /* RobotoMono-LightItalic.ttf */; };
		64062E0A2EB24901B5299944 /* Inter_18pt-Medium.ttf in Resources */ = {isa = PBXBuildFile; fileRef = F08D9B9B89E74EE8976ADD5A /* Inter_18pt-Medium.ttf */; };
		6CBEA038E6E14A6DA54D4AA8 /* Inter_24pt-Light.ttf in Resources */ = {isa = PBXBuildFile; fileRef = CD4FC1B4AE1D42F09B5AEC6F /* Inter_24pt-Light.ttf */; };
		71F3DA76ACB1491295627123 /* Inter_28pt-ThinItalic.ttf in Resources */ = {isa = PBXBuildFile; fileRef = 3232D93D40634133B19AF766 /* Inter_28pt-ThinItalic.ttf */; };
		74D62597C22F4EE9A59BC89A /* RobotoMono-SemiBoldItalic.ttf in Resources */ = {isa = PBXBuildFile; fileRef = 0A1F457DE1D1472387544D65 /* RobotoMono-SemiBoldItalic.ttf */; };
		761780ED2CA45674006654EE /* AppDelegate.swift in Sources */ = {isa = PBXBuildFile; fileRef = 761780EC2CA45674006654EE /* AppDelegate.swift */; };
		81AB9BB82411601600AC10FF /* LaunchScreen.storyboard in Resources */ = {isa = PBXBuildFile; fileRef = 81AB9BB72411601600AC10FF /* LaunchScreen.storyboard */; };
		85F433DED70B43EC9EBE3A13 /* RobotoMono-ThinItalic.ttf in Resources */ = {isa = PBXBuildFile; fileRef = 607D1341E68042D59A12BCCC /* RobotoMono-ThinItalic.ttf */; };
		8BFB64250B144D27A334FCCB /* Inter_24pt-LightItalic.ttf in Resources */ = {isa = PBXBuildFile; fileRef = 4ABC49F8AFDE4B94B419BA9C /* Inter_24pt-LightItalic.ttf */; };
		8E3C33490C0B44658FB2D9E8 /* Inter_28pt-BlackItalic.ttf in Resources */ = {isa = PBXBuildFile; fileRef = B4A94364E1E04199B7D84D23 /* Inter_28pt-BlackItalic.ttf */; };
		9313B123298A488B956AD1DE /* Inter_28pt-Italic.ttf in Resources */ = {isa = PBXBuildFile; fileRef = 026FB4C23F18429AA5DA3A20 /* Inter_28pt-Italic.ttf */; };
		97D7FCB99F904780A0C962D7 /* Inter_18pt-ExtraBoldItalic.ttf in Resources */ = {isa = PBXBuildFile; fileRef = 0754387945AF45D3BC5F5084 /* Inter_18pt-ExtraBoldItalic.ttf */; };
		98054164C9BE4967B8E628B5 /* Inter_28pt-ExtraBold.ttf in Resources */ = {isa = PBXBuildFile; fileRef = F3B0DA48037644C69823D779 /* Inter_28pt-ExtraBold.ttf */; };
		9CB82102C19E4D5AAE3BAF0C /* Inter_24pt-ExtraBold.ttf in Resources */ = {isa = PBXBuildFile; fileRef = C6A52949304F4E889368DDC4 /* Inter_24pt-ExtraBold.ttf */; };
		9D9822A6B2364B90A4407EBC /* Inter_24pt-Regular.ttf in Resources */ = {isa = PBXBuildFile; fileRef = EDF8FAA8901342D6B3EF3A5F /* Inter_24pt-Regular.ttf */; };
		A4605CB1E2C94FAF8BE7F8FA /* RobotoMono-Bold.ttf in Resources */ = {isa = PBXBuildFile; fileRef = 1E53D3E9A7A145B4A80294F0 /* RobotoMono-Bold.ttf */; };
		AAE67438F62B46649DFE2D39 /* RobotoMono-VariableFont_wght.ttf in Resources */ = {isa = PBXBuildFile; fileRef = BAB14B8002E84897BE2FA309 /* RobotoMono-VariableFont_wght.ttf */; };
		AD19CADCE87042449CB3C8D3 /* Inter_28pt-Black.ttf in Resources */ = {isa = PBXBuildFile; fileRef = 22E0E610E80244F6BA42B347 /* Inter_28pt-Black.ttf */; };
		B01198D62D2048429E001AAA /* Inter_18pt-Bold.ttf in Resources */ = {isa = PBXBuildFile; fileRef = 31523AE8C15048CAA8947268 /* Inter_18pt-Bold.ttf */; };
		B0CE5EB520F84B9493FDBDA6 /* Inter_28pt-Thin.ttf in Resources */ = {isa = PBXBuildFile; fileRef = 948347F6715043F68E9F0D7D /* Inter_28pt-Thin.ttf */; };
		B3342192FEFA4D45A84E88DF /* Inter_18pt-Regular.ttf in Resources */ = {isa = PBXBuildFile; fileRef = 9F2F53512B4F42B4A31E9661 /* Inter_18pt-Regular.ttf */; };
		B64D7210177641E9B44EAE6F /* Inter_18pt-BoldItalic.ttf in Resources */ = {isa = PBXBuildFile; fileRef = 13B1F70048F048C2A7A80B77 /* Inter_18pt-BoldItalic.ttf */; };
		B905892EA87149778532F727 /* Inter_24pt-SemiBold.ttf in Resources */ = {isa = PBXBuildFile; fileRef = AB956748A0C94D16AC3B8131 /* Inter_24pt-SemiBold.ttf */; };
		BA431BDFEE6FA8E6614D8AAF /* libPods-TidesMobile.a in Frameworks */ = {isa = PBXBuildFile; fileRef = C25F94F984BB545856469A01 /* libPods-TidesMobile.a */; };
		BE10F429BA2B4E4C9C231371 /* Inter_24pt-MediumItalic.ttf in Resources */ = {isa = PBXBuildFile; fileRef = CEEBF01F4BD047B0B4D05F2C /* Inter_24pt-MediumItalic.ttf */; };
		CD1A965D74324FCBB61879E0 /* Inter_24pt-Italic.ttf in Resources */ = {isa = PBXBuildFile; fileRef = E3B4FA170B1D437780D18D0D /* Inter_24pt-Italic.ttf */; };
		CE31A9C8C3E44309AEDA0D85 /* Inter_18pt-MediumItalic.ttf in Resources */ = {isa = PBXBuildFile; fileRef = 837C4FF8FA0F493B8A68B268 /* Inter_18pt-MediumItalic.ttf */; };
		D2600B0467DC41618BEFED56 /* Inter_18pt-ExtraBold.ttf in Resources */ = {isa = PBXBuildFile; fileRef = D361106AC85B4E70858BC18F /* Inter_18pt-ExtraBold.ttf */; };
		D37999BDE69C4B5EAA7D638E /* Inter_28pt-BoldItalic.ttf in Resources */ = {isa = PBXBuildFile; fileRef = 216CCF76E3244EB49ACE8CC2 /* Inter_28pt-BoldItalic.ttf */; };
		D8F20B29A5C54D6A84B7318D /* Inter-VariableFont_opsz,wght.ttf in Resources */ = {isa = PBXBuildFile; fileRef = 2FA23CD559C940A0A8869C47 /* Inter-VariableFont_opsz,wght.ttf */; };
		DBAD4BDC2B6D4792AF9FCF5C /* Inter_28pt-MediumItalic.ttf in Resources */ = {isa = PBXBuildFile; fileRef = 43B8379CC624491D8C9B4ABE /* Inter_28pt-MediumItalic.ttf */; };
		E1DDA64A1B8A431F8D569734 /* Inter_18pt-Italic.ttf in Resources */ = {isa = PBXBuildFile; fileRef = A1FFFD9044714217803B3DD9 /* Inter_18pt-Italic.ttf */; };
		E402E9ADAB4047B6AEF06580 /* Inter_18pt-SemiBoldItalic.ttf in Resources */ = {isa = PBXBuildFile; fileRef = 52ADFE3BF4D3464894E1D11D /* Inter_18pt-SemiBoldItalic.ttf */; };
		E4CEC9DC3BD0491B8D32DB7D /* Inter_24pt-ExtraLight.ttf in Resources */ = {isa = PBXBuildFile; fileRef = A9A66CEC5E7A42CA8444AF96 /* Inter_24pt-ExtraLight.ttf */; };
		E795E07E62A54B4E8C2BF2D7 /* Inter_18pt-LightItalic.ttf in Resources */ = {isa = PBXBuildFile; fileRef = EE02A2A81294444AA6668C81 /* Inter_18pt-LightItalic.ttf */; };
		ECB28C6ED22B4603BE252446 /* Inter_28pt-Light.ttf in Resources */ = {isa = PBXBuildFile; fileRef = 2131EBC9FA6346DDAFC37AA9 /* Inter_28pt-Light.ttf */; };
		ED07719DD96049FBA3BA5D8C /* Inter_28pt-ExtraLightItalic.ttf in Resources */ = {isa = PBXBuildFile; fileRef = 3A44BFEAE46A48468A4E6BC5 /* Inter_28pt-ExtraLightItalic.ttf */; };
		EE9B8BAF3EC54194A1A86236 /* Inter_28pt-Medium.ttf in Resources */ = {isa = PBXBuildFile; fileRef = E33DA4AAAE1A4205A0504EE0 /* Inter_28pt-Medium.ttf */; };
		EEE498CE64E6428B8A49BD14 /* Inter-Italic-VariableFont_opsz,wght.ttf in Resources */ = {isa = PBXBuildFile; fileRef = 8575FF0198274FFEBD3E3541 /* Inter-Italic-VariableFont_opsz,wght.ttf */; };
		F1F57392C14943BE905F04D3 /* Inter_24pt-BoldItalic.ttf in Resources */ = {isa = PBXBuildFile; fileRef = 234D9888A33C4F91926C99A8 /* Inter_24pt-BoldItalic.ttf */; };
		F27026BB20BD4379B48DB21C /* Inter_24pt-Bold.ttf in Resources */ = {isa = PBXBuildFile; fileRef = 4C3FBC6CD59F4332996BC384 /* Inter_24pt-Bold.ttf */; };
		F3E28EA2DC3445918D23474E /* RobotoMono-SemiBold.ttf in Resources */ = {isa = PBXBuildFile; fileRef = DE817F1BE4454C43B4C94240 /* RobotoMono-SemiBold.ttf */; };
		F75C464FFBB946CA844ED8EC /* Inter_28pt-ExtraBoldItalic.ttf in Resources */ = {isa = PBXBuildFile; fileRef = 64291D4042ED48F78A753D32 /* Inter_28pt-ExtraBoldItalic.ttf */; };
		F7DE8D11EEBC4F4998DF15AA /* Inter_28pt-LightItalic.ttf in Resources */ = {isa = PBXBuildFile; fileRef = 23BE0131D7F041828FC043FC /* Inter_28pt-LightItalic.ttf */; };
		F9722C82FCFD430691DE6401 /* Inter_24pt-Thin.ttf in Resources */ = {isa = PBXBuildFile; fileRef = C50BD39066064098A77679C0 /* Inter_24pt-Thin.ttf */; };
		FC559783852B8D252848E542 /* PrivacyInfo.xcprivacy in Resources */ = {isa = PBXBuildFile; fileRef = 13B07FB81A68108700A75B9A /* PrivacyInfo.xcprivacy */; };
/* End PBXBuildFile section */

/* Begin PBXFileReference section */
		026FB4C23F18429AA5DA3A20 /* Inter_28pt-Italic.ttf */ = {isa = PBXFileReference; explicitFileType = undefined; fileEncoding = 9; includeInIndex = 0; lastKnownFileType = unknown; name = "Inter_28pt-Italic.ttf"; path = "../assets/fonts/Inter/static/Inter_28pt-Italic.ttf"; sourceTree = "<group>"; };
		0315C051938348169D1C861C /* Inter_28pt-Regular.ttf */ = {isa = PBXFileReference; explicitFileType = undefined; fileEncoding = 9; includeInIndex = 0; lastKnownFileType = unknown; name = "Inter_28pt-Regular.ttf"; path = "../assets/fonts/Inter/static/Inter_28pt-Regular.ttf"; sourceTree = "<group>"; };
		0754387945AF45D3BC5F5084 /* Inter_18pt-ExtraBoldItalic.ttf */ = {isa = PBXFileReference; explicitFileType = undefined; fileEncoding = 9; includeInIndex = 0; lastKnownFileType = unknown; name = "Inter_18pt-ExtraBoldItalic.ttf"; path = "../assets/fonts/Inter/static/Inter_18pt-ExtraBoldItalic.ttf"; sourceTree = "<group>"; };
		0A1F457DE1D1472387544D65 /* RobotoMono-SemiBoldItalic.ttf */ = {isa = PBXFileReference; explicitFileType = undefined; fileEncoding = 9; includeInIndex = 0; lastKnownFileType = unknown; name = "RobotoMono-SemiBoldItalic.ttf"; path = "../assets/fonts/Roboto_Mono/static/RobotoMono-SemiBoldItalic.ttf"; sourceTree = "<group>"; };
		0C566970F57246C09DA39096 /* Inter_18pt-BlackItalic.ttf */ = {isa = PBXFileReference; explicitFileType = undefined; fileEncoding = 9; includeInIndex = 0; lastKnownFileType = unknown; name = "Inter_18pt-BlackItalic.ttf"; path = "../assets/fonts/Inter/static/Inter_18pt-BlackItalic.ttf"; sourceTree = "<group>"; };
		13B07F961A680F5B00A75B9A /* TidesMobile.app */ = {isa = PBXFileReference; explicitFileType = wrapper.application; includeInIndex = 0; path = TidesMobile.app; sourceTree = BUILT_PRODUCTS_DIR; };
		13B07FB51A68108700A75B9A /* Images.xcassets */ = {isa = PBXFileReference; lastKnownFileType = folder.assetcatalog; name = Images.xcassets; path = TidesMobile/Images.xcassets; sourceTree = "<group>"; };
		13B07FB61A68108700A75B9A /* Info.plist */ = {isa = PBXFileReference; fileEncoding = 4; lastKnownFileType = text.plist.xml; name = Info.plist; path = TidesMobile/Info.plist; sourceTree = "<group>"; };
		13B07FB81A68108700A75B9A /* PrivacyInfo.xcprivacy */ = {isa = PBXFileReference; fileEncoding = 4; lastKnownFileType = text.plist.xml; name = PrivacyInfo.xcprivacy; path = TidesMobile/PrivacyInfo.xcprivacy; sourceTree = "<group>"; };
		13B1F70048F048C2A7A80B77 /* Inter_18pt-BoldItalic.ttf */ = {isa = PBXFileReference; explicitFileType = undefined; fileEncoding = 9; includeInIndex = 0; lastKnownFileType = unknown; name = "Inter_18pt-BoldItalic.ttf"; path = "../assets/fonts/Inter/static/Inter_18pt-BoldItalic.ttf"; sourceTree = "<group>"; };
		1E53D3E9A7A145B4A80294F0 /* RobotoMono-Bold.ttf */ = {isa = PBXFileReference; explicitFileType = undefined; fileEncoding = 9; includeInIndex = 0; lastKnownFileType = unknown; name = "RobotoMono-Bold.ttf"; path = "../assets/fonts/Roboto_Mono/static/RobotoMono-Bold.ttf"; sourceTree = "<group>"; };
		1EF980ADAB89497FBF16FDED /* RobotoMono-Light.ttf */ = {isa = PBXFileReference; explicitFileType = undefined; fileEncoding = 9; includeInIndex = 0; lastKnownFileType = unknown; name = "RobotoMono-Light.ttf"; path = "../assets/fonts/Roboto_Mono/static/RobotoMono-Light.ttf"; sourceTree = "<group>"; };
		2131EBC9FA6346DDAFC37AA9 /* Inter_28pt-Light.ttf */ = {isa = PBXFileReference; explicitFileType = undefined; fileEncoding = 9; includeInIndex = 0; lastKnownFileType = unknown; name = "Inter_28pt-Light.ttf"; path = "../assets/fonts/Inter/static/Inter_28pt-Light.ttf"; sourceTree = "<group>"; };
		216CCF76E3244EB49ACE8CC2 /* Inter_28pt-BoldItalic.ttf */ = {isa = PBXFileReference; explicitFileType = undefined; fileEncoding = 9; includeInIndex = 0; lastKnownFileType = unknown; name = "Inter_28pt-BoldItalic.ttf"; path = "../assets/fonts/Inter/static/Inter_28pt-BoldItalic.ttf"; sourceTree = "<group>"; };
		21DC63C15BFF41D5BDA35D19 /* Inter_24pt-Medium.ttf */ = {isa = PBXFileReference; explicitFileType = undefined; fileEncoding = 9; includeInIndex = 0; lastKnownFileType = unknown; name = "Inter_24pt-Medium.ttf"; path = "../assets/fonts/Inter/static/Inter_24pt-Medium.ttf"; sourceTree = "<group>"; };
		22E0E610E80244F6BA42B347 /* Inter_28pt-Black.ttf */ = {isa = PBXFileReference; explicitFileType = undefined; fileEncoding = 9; includeInIndex = 0; lastKnownFileType = unknown; name = "Inter_28pt-Black.ttf"; path = "../assets/fonts/Inter/static/Inter_28pt-Black.ttf"; sourceTree = "<group>"; };
		234D9888A33C4F91926C99A8 /* Inter_24pt-BoldItalic.ttf */ = {isa = PBXFileReference; explicitFileType = undefined; fileEncoding = 9; includeInIndex = 0; lastKnownFileType = unknown; name = "Inter_24pt-BoldItalic.ttf"; path = "../assets/fonts/Inter/static/Inter_24pt-BoldItalic.ttf"; sourceTree = "<group>"; };
		23BE0131D7F041828FC043FC /* Inter_28pt-LightItalic.ttf */ = {isa = PBXFileReference; explicitFileType = undefined; fileEncoding = 9; includeInIndex = 0; lastKnownFileType = unknown; name = "Inter_28pt-LightItalic.ttf"; path = "../assets/fonts/Inter/static/Inter_28pt-LightItalic.ttf"; sourceTree = "<group>"; };
		258A6C092A1B4DF0A24A2F21 /* Inter_24pt-Black.ttf */ = {isa = PBXFileReference; explicitFileType = undefined; fileEncoding = 9; includeInIndex = 0; lastKnownFileType = unknown; name = "Inter_24pt-Black.ttf"; path = "../assets/fonts/Inter/static/Inter_24pt-Black.ttf"; sourceTree = "<group>"; };
		262959EB15784D36B218A86A /* Inter_28pt-SemiBold.ttf */ = {isa = PBXFileReference; explicitFileType = undefined; fileEncoding = 9; includeInIndex = 0; lastKnownFileType = unknown; name = "Inter_28pt-SemiBold.ttf"; path = "../assets/fonts/Inter/static/Inter_28pt-SemiBold.ttf"; sourceTree = "<group>"; };
		2E10F6FC44074591A2F3D98E /* Inter_28pt-SemiBoldItalic.ttf */ = {isa = PBXFileReference; explicitFileType = undefined; fileEncoding = 9; includeInIndex = 0; lastKnownFileType = unknown; name = "Inter_28pt-SemiBoldItalic.ttf"; path = "../assets/fonts/Inter/static/Inter_28pt-SemiBoldItalic.ttf"; sourceTree = "<group>"; };
		2FA23CD559C940A0A8869C47 /* Inter-VariableFont_opsz,wght.ttf */ = {isa = PBXFileReference; explicitFileType = undefined; fileEncoding = 9; includeInIndex = 0; lastKnownFileType = unknown; name = "Inter-VariableFont_opsz,wght.ttf"; path = "../assets/fonts/Inter/Inter-VariableFont_opsz,wght.ttf"; sourceTree = "<group>"; };
		31523AE8C15048CAA8947268 /* Inter_18pt-Bold.ttf */ = {isa = PBXFileReference; explicitFileType = undefined; fileEncoding = 9; includeInIndex = 0; lastKnownFileType = unknown; name = "Inter_18pt-Bold.ttf"; path = "../assets/fonts/Inter/static/Inter_18pt-Bold.ttf"; sourceTree = "<group>"; };
		3232D93D40634133B19AF766 /* Inter_28pt-ThinItalic.ttf */ = {isa = PBXFileReference; explicitFileType = undefined; fileEncoding = 9; includeInIndex = 0; lastKnownFileType = unknown; name = "Inter_28pt-ThinItalic.ttf"; path = "../assets/fonts/Inter/static/Inter_28pt-ThinItalic.ttf"; sourceTree = "<group>"; };
		33B78283D1FD42588D4C092E /* Inter_18pt-ExtraLightItalic.ttf */ = {isa = PBXFileReference; explicitFileType = undefined; fileEncoding = 9; includeInIndex = 0; lastKnownFileType = unknown; name = "Inter_18pt-ExtraLightItalic.ttf"; path = "../assets/fonts/Inter/static/Inter_18pt-ExtraLightItalic.ttf"; sourceTree = "<group>"; };
		3769B02DC46348238FA11DF8 /* RobotoMono-Medium.ttf */ = {isa = PBXFileReference; explicitFileType = undefined; fileEncoding = 9; includeInIndex = 0; lastKnownFileType = unknown; name = "RobotoMono-Medium.ttf"; path = "../assets/fonts/Roboto_Mono/static/RobotoMono-Medium.ttf"; sourceTree = "<group>"; };
		39B70C1419B3F440FA6D79A2 /* Pods-TidesMobile.debug.xcconfig */ = {isa = PBXFileReference; includeInIndex = 1; lastKnownFileType = text.xcconfig; name = "Pods-TidesMobile.debug.xcconfig"; path = "Target Support Files/Pods-TidesMobile/Pods-TidesMobile.debug.xcconfig"; sourceTree = "<group>"; };
		3A44BFEAE46A48468A4E6BC5 /* Inter_28pt-ExtraLightItalic.ttf */ = {isa = PBXFileReference; explicitFileType = undefined; fileEncoding = 9; includeInIndex = 0; lastKnownFileType = unknown; name = "Inter_28pt-ExtraLightItalic.ttf"; path = "../assets/fonts/Inter/static/Inter_28pt-ExtraLightItalic.ttf"; sourceTree = "<group>"; };
		43B8379CC624491D8C9B4ABE /* Inter_28pt-MediumItalic.ttf */ = {isa = PBXFileReference; explicitFileType = undefined; fileEncoding = 9; includeInIndex = 0; lastKnownFileType = unknown; name = "Inter_28pt-MediumItalic.ttf"; path = "../assets/fonts/Inter/static/Inter_28pt-MediumItalic.ttf"; sourceTree = "<group>"; };
		4477248F22904E80B197F719 /* RobotoMono-ExtraLight.ttf */ = {isa = PBXFileReference; explicitFileType = undefined; fileEncoding = 9; includeInIndex = 0; lastKnownFileType = unknown; name = "RobotoMono-ExtraLight.ttf"; path = "../assets/fonts/Roboto_Mono/static/RobotoMono-ExtraLight.ttf"; sourceTree = "<group>"; };
		4ABC49F8AFDE4B94B419BA9C /* Inter_24pt-LightItalic.ttf */ = {isa = PBXFileReference; explicitFileType = undefined; fileEncoding = 9; includeInIndex = 0; lastKnownFileType = unknown; name = "Inter_24pt-LightItalic.ttf"; path = "../assets/fonts/Inter/static/Inter_24pt-LightItalic.ttf"; sourceTree = "<group>"; };
		4C3FBC6CD59F4332996BC384 /* Inter_24pt-Bold.ttf */ = {isa = PBXFileReference; explicitFileType = undefined; fileEncoding = 9; includeInIndex = 0; lastKnownFileType = unknown; name = "Inter_24pt-Bold.ttf"; path = "../assets/fonts/Inter/static/Inter_24pt-Bold.ttf"; sourceTree = "<group>"; };
		4D4FD6C2FE6042118A51B71F /* Inter_24pt-ThinItalic.ttf */ = {isa = PBXFileReference; explicitFileType = undefined; fileEncoding = 9; includeInIndex = 0; lastKnownFileType = unknown; name = "Inter_24pt-ThinItalic.ttf"; path = "../assets/fonts/Inter/static/Inter_24pt-ThinItalic.ttf"; sourceTree = "<group>"; };
		52ADFE3BF4D3464894E1D11D /* Inter_18pt-SemiBoldItalic.ttf */ = {isa = PBXFileReference; explicitFileType = undefined; fileEncoding = 9; includeInIndex = 0; lastKnownFileType = unknown; name = "Inter_18pt-SemiBoldItalic.ttf"; path = "../assets/fonts/Inter/static/Inter_18pt-SemiBoldItalic.ttf"; sourceTree = "<group>"; };
		597D6D56F0A939DCF561D5F0 /* Pods-TidesMobile.release.xcconfig */ = {isa = PBXFileReference; includeInIndex = 1; lastKnownFileType = text.xcconfig; name = "Pods-TidesMobile.release.xcconfig"; path = "Target Support Files/Pods-TidesMobile/Pods-TidesMobile.release.xcconfig"; sourceTree = "<group>"; };
		59AA33ACF9DB4E10B1178F29 /* Inter_24pt-BlackItalic.ttf */ = {isa = PBXFileReference; explicitFileType = undefined; fileEncoding = 9; includeInIndex = 0; lastKnownFileType = unknown; name = "Inter_24pt-BlackItalic.ttf"; path = "../assets/fonts/Inter/static/Inter_24pt-BlackItalic.ttf"; sourceTree = "<group>"; };
		607D1341E68042D59A12BCCC /* RobotoMono-ThinItalic.ttf */ = {isa = PBXFileReference; explicitFileType = undefined; fileEncoding = 9; includeInIndex = 0; lastKnownFileType = unknown; name = "RobotoMono-ThinItalic.ttf"; path = "../assets/fonts/Roboto_Mono/static/RobotoMono-ThinItalic.ttf"; sourceTree = "<group>"; };
		64291D4042ED48F78A753D32 /* Inter_28pt-ExtraBoldItalic.ttf */ = {isa = PBXFileReference; explicitFileType = undefined; fileEncoding = 9; includeInIndex = 0; lastKnownFileType = unknown; name = "Inter_28pt-ExtraBoldItalic.ttf"; path = "../assets/fonts/Inter/static/Inter_28pt-ExtraBoldItalic.ttf"; sourceTree = "<group>"; };
		64A6FE6624BB44B7987A6194 /* Inter_18pt-Thin.ttf */ = {isa = PBXFileReference; explicitFileType = undefined; fileEncoding = 9; includeInIndex = 0; lastKnownFileType = unknown; name = "Inter_18pt-Thin.ttf"; path = "../assets/fonts/Inter/static/Inter_18pt-Thin.ttf"; sourceTree = "<group>"; };
		668541ED11AA41D985C80B82 /* Inter_24pt-SemiBoldItalic.ttf */ = {isa = PBXFileReference; explicitFileType = undefined; fileEncoding = 9; includeInIndex = 0; lastKnownFileType = unknown; name = "Inter_24pt-SemiBoldItalic.ttf"; path = "../assets/fonts/Inter/static/Inter_24pt-SemiBoldItalic.ttf"; sourceTree = "<group>"; };
		6A1F780B80AF4566871AF0DB /* Inter_18pt-ThinItalic.ttf */ = {isa = PBXFileReference; explicitFileType = undefined; fileEncoding = 9; includeInIndex = 0; lastKnownFileType = unknown; name = "Inter_18pt-ThinItalic.ttf"; path = "../assets/fonts/Inter/static/Inter_18pt-ThinItalic.ttf"; sourceTree = "<group>"; };
		6FD2342172DA46B7ABA14146 /* Inter_24pt-ExtraLightItalic.ttf */ = {isa = PBXFileReference; explicitFileType = undefined; fileEncoding = 9; includeInIndex = 0; lastKnownFileType = unknown; name = "Inter_24pt-ExtraLightItalic.ttf"; path = "../assets/fonts/Inter/static/Inter_24pt-ExtraLightItalic.ttf"; sourceTree = "<group>"; };
		761780EC2CA45674006654EE /* AppDelegate.swift */ = {isa = PBXFileReference; lastKnownFileType = sourcecode.swift; name = AppDelegate.swift; path = TidesMobile/AppDelegate.swift; sourceTree = "<group>"; };
		7C88F176E9664D4EA2A5414A /* OFL.txt */ = {isa = PBXFileReference; explicitFileType = undefined; fileEncoding = 9; includeInIndex = 0; lastKnownFileType = unknown; name = OFL.txt; path = ../assets/fonts/Inter/OFL.txt; sourceTree = "<group>"; };
		7DFDF0E68CE1488DAB24FFA3 /* Inter_18pt-Light.ttf */ = {isa = PBXFileReference; explicitFileType = undefined; fileEncoding = 9; includeInIndex = 0; lastKnownFileType = unknown; name = "Inter_18pt-Light.ttf"; path = "../assets/fonts/Inter/static/Inter_18pt-Light.ttf"; sourceTree = "<group>"; };
		81AB9BB72411601600AC10FF /* LaunchScreen.storyboard */ = {isa = PBXFileReference; fileEncoding = 4; lastKnownFileType = file.storyboard; name = LaunchScreen.storyboard; path = TidesMobile/LaunchScreen.storyboard; sourceTree = "<group>"; };
		82B984F45B5746828AE7E0EC /* RobotoMono-BoldItalic.ttf */ = {isa = PBXFileReference; explicitFileType = undefined; fileEncoding = 9; includeInIndex = 0; lastKnownFileType = unknown; name = "RobotoMono-BoldItalic.ttf"; path = "../assets/fonts/Roboto_Mono/static/RobotoMono-BoldItalic.ttf"; sourceTree = "<group>"; };
		837C4FF8FA0F493B8A68B268 /* Inter_18pt-MediumItalic.ttf */ = {isa = PBXFileReference; explicitFileType = undefined; fileEncoding = 9; includeInIndex = 0; lastKnownFileType = unknown; name = "Inter_18pt-MediumItalic.ttf"; path = "../assets/fonts/Inter/static/Inter_18pt-MediumItalic.ttf"; sourceTree = "<group>"; };
		8575FF0198274FFEBD3E3541 /* Inter-Italic-VariableFont_opsz,wght.ttf */ = {isa = PBXFileReference; explicitFileType = undefined; fileEncoding = 9; includeInIndex = 0; lastKnownFileType = unknown; name = "Inter-Italic-VariableFont_opsz,wght.ttf"; path = "../assets/fonts/Inter/Inter-Italic-VariableFont_opsz,wght.ttf"; sourceTree = "<group>"; };
		89BCC507BF904DCEA7321A3F /* RobotoMono-Italic-VariableFont_wght.ttf */ = {isa = PBXFileReference; explicitFileType = undefined; fileEncoding = 9; includeInIndex = 0; lastKnownFileType = unknown; name = "RobotoMono-Italic-VariableFont_wght.ttf"; path = "../assets/fonts/Roboto_Mono/RobotoMono-Italic-VariableFont_wght.ttf"; sourceTree = "<group>"; };
		8A9EF7EB922846DC9D9F046A /* RobotoMono-Italic.ttf */ = {isa = PBXFileReference; explicitFileType = undefined; fileEncoding = 9; includeInIndex = 0; lastKnownFileType = unknown; name = "RobotoMono-Italic.ttf"; path = "../assets/fonts/Roboto_Mono/static/RobotoMono-Italic.ttf"; sourceTree = "<group>"; };
		8FD5A1F91D5142EBBCB9C8ED /* Inter_18pt-Black.ttf */ = {isa = PBXFileReference; explicitFileType = undefined; fileEncoding = 9; includeInIndex = 0; lastKnownFileType = unknown; name = "Inter_18pt-Black.ttf"; path = "../assets/fonts/Inter/static/Inter_18pt-Black.ttf"; sourceTree = "<group>"; };
		948347F6715043F68E9F0D7D /* Inter_28pt-Thin.ttf */ = {isa = PBXFileReference; explicitFileType = undefined; fileEncoding = 9; includeInIndex = 0; lastKnownFileType = unknown; name = "Inter_28pt-Thin.ttf"; path = "../assets/fonts/Inter/static/Inter_28pt-Thin.ttf"; sourceTree = "<group>"; };
		99C13FBE517444709383004D /* RobotoMono-MediumItalic.ttf */ = {isa = PBXFileReference; explicitFileType = undefined; fileEncoding = 9; includeInIndex = 0; lastKnownFileType = unknown; name = "RobotoMono-MediumItalic.ttf"; path = "../assets/fonts/Roboto_Mono/static/RobotoMono-MediumItalic.ttf"; sourceTree = "<group>"; };
		9F2F53512B4F42B4A31E9661 /* Inter_18pt-Regular.ttf */ = {isa = PBXFileReference; explicitFileType = undefined; fileEncoding = 9; includeInIndex = 0; lastKnownFileType = unknown; name = "Inter_18pt-Regular.ttf"; path = "../assets/fonts/Inter/static/Inter_18pt-Regular.ttf"; sourceTree = "<group>"; };
		A1FFFD9044714217803B3DD9 /* Inter_18pt-Italic.ttf */ = {isa = PBXFileReference; explicitFileType = undefined; fileEncoding = 9; includeInIndex = 0; lastKnownFileType = unknown; name = "Inter_18pt-Italic.ttf"; path = "../assets/fonts/Inter/static/Inter_18pt-Italic.ttf"; sourceTree = "<group>"; };
		A2CA913183F04E80B6EB103B /* Inter_18pt-SemiBold.ttf */ = {isa = PBXFileReference; explicitFileType = undefined; fileEncoding = 9; includeInIndex = 0; lastKnownFileType = unknown; name = "Inter_18pt-SemiBold.ttf"; path = "../assets/fonts/Inter/static/Inter_18pt-SemiBold.ttf"; sourceTree = "<group>"; };
		A68A44B424BA451A941EB3F7 /* RobotoMono-Regular.ttf */ = {isa = PBXFileReference; explicitFileType = undefined; fileEncoding = 9; includeInIndex = 0; lastKnownFileType = unknown; name = "RobotoMono-Regular.ttf"; path = "../assets/fonts/Roboto_Mono/static/RobotoMono-Regular.ttf"; sourceTree = "<group>"; };
		A9A66CEC5E7A42CA8444AF96 /* Inter_24pt-ExtraLight.ttf */ = {isa = PBXFileReference; explicitFileType = undefined; fileEncoding = 9; includeInIndex = 0; lastKnownFileType = unknown; name = "Inter_24pt-ExtraLight.ttf"; path = "../assets/fonts/Inter/static/Inter_24pt-ExtraLight.ttf"; sourceTree = "<group>"; };
		AB956748A0C94D16AC3B8131 /* Inter_24pt-SemiBold.ttf */ = {isa = PBXFileReference; explicitFileType = undefined; fileEncoding = 9; includeInIndex = 0; lastKnownFileType = unknown; name = "Inter_24pt-SemiBold.ttf"; path = "../assets/fonts/Inter/static/Inter_24pt-SemiBold.ttf"; sourceTree = "<group>"; };
		B3A13848E84C4185AD0041E6 /* Inter_18pt-ExtraLight.ttf */ = {isa = PBXFileReference; explicitFileType = undefined; fileEncoding = 9; includeInIndex = 0; lastKnownFileType = unknown; name = "Inter_18pt-ExtraLight.ttf"; path = "../assets/fonts/Inter/static/Inter_18pt-ExtraLight.ttf"; sourceTree = "<group>"; };
		B4A94364E1E04199B7D84D23 /* Inter_28pt-BlackItalic.ttf */ = {isa = PBXFileReference; explicitFileType = undefined; fileEncoding = 9; includeInIndex = 0; lastKnownFileType = unknown; name = "Inter_28pt-BlackItalic.ttf"; path = "../assets/fonts/Inter/static/Inter_28pt-BlackItalic.ttf"; sourceTree = "<group>"; };
		B7A528C4716F401BB10CB9AB /* RobotoMono-ExtraLightItalic.ttf */ = {isa = PBXFileReference; explicitFileType = undefined; fileEncoding = 9; includeInIndex = 0; lastKnownFileType = unknown; name = "RobotoMono-ExtraLightItalic.ttf"; path = "../assets/fonts/Roboto_Mono/static/RobotoMono-ExtraLightItalic.ttf"; sourceTree = "<group>"; };
		BAB14B8002E84897BE2FA309 /* RobotoMono-VariableFont_wght.ttf */ = {isa = PBXFileReference; explicitFileType = undefined; fileEncoding = 9; includeInIndex = 0; lastKnownFileType = unknown; name = "RobotoMono-VariableFont_wght.ttf"; path = "../assets/fonts/Roboto_Mono/RobotoMono-VariableFont_wght.ttf"; sourceTree = "<group>"; };
		BBF809ECCBB440979DB22A38 /* RobotoMono-LightItalic.ttf */ = {isa = PBXFileReference; explicitFileType = undefined; fileEncoding = 9; includeInIndex = 0; lastKnownFileType = unknown; name = "RobotoMono-LightItalic.ttf"; path = "../assets/fonts/Roboto_Mono/static/RobotoMono-LightItalic.ttf"; sourceTree = "<group>"; };
		C25F94F984BB545856469A01 /* libPods-TidesMobile.a */ = {isa = PBXFileReference; explicitFileType = archive.ar; includeInIndex = 0; path = "libPods-TidesMobile.a"; sourceTree = BUILT_PRODUCTS_DIR; };
		C50BD39066064098A77679C0 /* Inter_24pt-Thin.ttf */ = {isa = PBXFileReference; explicitFileType = undefined; fileEncoding = 9; includeInIndex = 0; lastKnownFileType = unknown; name = "Inter_24pt-Thin.ttf"; path = "../assets/fonts/Inter/static/Inter_24pt-Thin.ttf"; sourceTree = "<group>"; };
		C6A52949304F4E889368DDC4 /* Inter_24pt-ExtraBold.ttf */ = {isa = PBXFileReference; explicitFileType = undefined; fileEncoding = 9; includeInIndex = 0; lastKnownFileType = unknown; name = "Inter_24pt-ExtraBold.ttf"; path = "../assets/fonts/Inter/static/Inter_24pt-ExtraBold.ttf"; sourceTree = "<group>"; };
		CAFA4BAB706144C488D2C084 /* RobotoMono-Thin.ttf */ = {isa = PBXFileReference; explicitFileType = undefined; fileEncoding = 9; includeInIndex = 0; lastKnownFileType = unknown; name = "RobotoMono-Thin.ttf"; path = "../assets/fonts/Roboto_Mono/static/RobotoMono-Thin.ttf"; sourceTree = "<group>"; };
		CD4FC1B4AE1D42F09B5AEC6F /* Inter_24pt-Light.ttf */ = {isa = PBXFileReference; explicitFileType = undefined; fileEncoding = 9; includeInIndex = 0; lastKnownFileType = unknown; name = "Inter_24pt-Light.ttf"; path = "../assets/fonts/Inter/static/Inter_24pt-Light.ttf"; sourceTree = "<group>"; };
		CD931D6A6A0540FF9510BA56 /* Inter_24pt-ExtraBoldItalic.ttf */ = {isa = PBXFileReference; explicitFileType = undefined; fileEncoding = 9; includeInIndex = 0; lastKnownFileType = unknown; name = "Inter_24pt-ExtraBoldItalic.ttf"; path = "../assets/fonts/Inter/static/Inter_24pt-ExtraBoldItalic.ttf"; sourceTree = "<group>"; };
		CEEBF01F4BD047B0B4D05F2C /* Inter_24pt-MediumItalic.ttf */ = {isa = PBXFileReference; explicitFileType = undefined; fileEncoding = 9; includeInIndex = 0; lastKnownFileType = unknown; name = "Inter_24pt-MediumItalic.ttf"; path = "../assets/fonts/Inter/static/Inter_24pt-MediumItalic.ttf"; sourceTree = "<group>"; };
		D361106AC85B4E70858BC18F /* Inter_18pt-ExtraBold.ttf */ = {isa = PBXFileReference; explicitFileType = undefined; fileEncoding = 9; includeInIndex = 0; lastKnownFileType = unknown; name = "Inter_18pt-ExtraBold.ttf"; path = "../assets/fonts/Inter/static/Inter_18pt-ExtraBold.ttf"; sourceTree = "<group>"; };
		DB60950C65634E46AD5EBD26 /* Inter_28pt-Bold.ttf */ = {isa = PBXFileReference; explicitFileType = undefined; fileEncoding = 9; includeInIndex = 0; lastKnownFileType = unknown; name = "Inter_28pt-Bold.ttf"; path = "../assets/fonts/Inter/static/Inter_28pt-Bold.ttf"; sourceTree = "<group>"; };
		DE817F1BE4454C43B4C94240 /* RobotoMono-SemiBold.ttf */ = {isa = PBXFileReference; explicitFileType = undefined; fileEncoding = 9; includeInIndex = 0; lastKnownFileType = unknown; name = "RobotoMono-SemiBold.ttf"; path = "../assets/fonts/Roboto_Mono/static/RobotoMono-SemiBold.ttf"; sourceTree = "<group>"; };
		DED38D2731BC420B9D5847D7 /* Inter_28pt-ExtraLight.ttf */ = {isa = PBXFileReference; explicitFileType = undefined; fileEncoding = 9; includeInIndex = 0; lastKnownFileType = unknown; name = "Inter_28pt-ExtraLight.ttf"; path = "../assets/fonts/Inter/static/Inter_28pt-ExtraLight.ttf"; sourceTree = "<group>"; };
		E33DA4AAAE1A4205A0504EE0 /* Inter_28pt-Medium.ttf */ = {isa = PBXFileReference; explicitFileType = undefined; fileEncoding = 9; includeInIndex = 0; lastKnownFileType = unknown; name = "Inter_28pt-Medium.ttf"; path = "../assets/fonts/Inter/static/Inter_28pt-Medium.ttf"; sourceTree = "<group>"; };
		E3B4FA170B1D437780D18D0D /* Inter_24pt-Italic.ttf */ = {isa = PBXFileReference; explicitFileType = undefined; fileEncoding = 9; includeInIndex = 0; lastKnownFileType = unknown; name = "Inter_24pt-Italic.ttf"; path = "../assets/fonts/Inter/static/Inter_24pt-Italic.ttf"; sourceTree = "<group>"; };
		E8109DB601814CAF85BDC25F /* README.txt */ = {isa = PBXFileReference; explicitFileType = undefined; fileEncoding = 9; includeInIndex = 0; lastKnownFileType = unknown; name = README.txt; path = ../assets/fonts/Inter/README.txt; sourceTree = "<group>"; };
		ED297162215061F000B7C4FE /* JavaScriptCore.framework */ = {isa = PBXFileReference; lastKnownFileType = wrapper.framework; name = JavaScriptCore.framework; path = System/Library/Frameworks/JavaScriptCore.framework; sourceTree = SDKROOT; };
		EDF8FAA8901342D6B3EF3A5F /* Inter_24pt-Regular.ttf */ = {isa = PBXFileReference; explicitFileType = undefined; fileEncoding = 9; includeInIndex = 0; lastKnownFileType = unknown; name = "Inter_24pt-Regular.ttf"; path = "../assets/fonts/Inter/static/Inter_24pt-Regular.ttf"; sourceTree = "<group>"; };
		EE02A2A81294444AA6668C81 /* Inter_18pt-LightItalic.ttf */ = {isa = PBXFileReference; explicitFileType = undefined; fileEncoding = 9; includeInIndex = 0; lastKnownFileType = unknown; name = "Inter_18pt-LightItalic.ttf"; path = "../assets/fonts/Inter/static/Inter_18pt-LightItalic.ttf"; sourceTree = "<group>"; };
		F08D9B9B89E74EE8976ADD5A /* Inter_18pt-Medium.ttf */ = {isa = PBXFileReference; explicitFileType = undefined; fileEncoding = 9; includeInIndex = 0; lastKnownFileType = unknown; name = "Inter_18pt-Medium.ttf"; path = "../assets/fonts/Inter/static/Inter_18pt-Medium.ttf"; sourceTree = "<group>"; };
		F3B0DA48037644C69823D779 /* Inter_28pt-ExtraBold.ttf */ = {isa = PBXFileReference; explicitFileType = undefined; fileEncoding = 9; includeInIndex = 0; lastKnownFileType = unknown; name = "Inter_28pt-ExtraBold.ttf"; path = "../assets/fonts/Inter/static/Inter_28pt-ExtraBold.ttf"; sourceTree = "<group>"; };
/* End PBXFileReference section */

/* Begin PBXFrameworksBuildPhase section */
		13B07F8C1A680F5B00A75B9A /* Frameworks */ = {
			isa = PBXFrameworksBuildPhase;
			buildActionMask = 2147483647;
			files = (
				BA431BDFEE6FA8E6614D8AAF /* libPods-TidesMobile.a in Frameworks */,
			);
			runOnlyForDeploymentPostprocessing = 0;
		};
/* End PBXFrameworksBuildPhase section */

/* Begin PBXGroup section */
		13B07FAE1A68108700A75B9A /* TidesMobile */ = {
			isa = PBXGroup;
			children = (
				13B07FB51A68108700A75B9A /* Images.xcassets */,
				761780EC2CA45674006654EE /* AppDelegate.swift */,
				13B07FB61A68108700A75B9A /* Info.plist */,
				81AB9BB72411601600AC10FF /* LaunchScreen.storyboard */,
				13B07FB81A68108700A75B9A /* PrivacyInfo.xcprivacy */,
			);
			name = TidesMobile;
			sourceTree = "<group>";
		};
		2D16E6871FA4F8E400B85C8A /* Frameworks */ = {
			isa = PBXGroup;
			children = (
				ED297162215061F000B7C4FE /* JavaScriptCore.framework */,
				C25F94F984BB545856469A01 /* libPods-TidesMobile.a */,
			);
			name = Frameworks;
			sourceTree = "<group>";
		};
		832341AE1AAA6A7D00B99B32 /* Libraries */ = {
			isa = PBXGroup;
			children = (
			);
			name = Libraries;
			sourceTree = "<group>";
		};
		83CBB9F61A601CBA00E9B192 = {
			isa = PBXGroup;
			children = (
				13B07FAE1A68108700A75B9A /* TidesMobile */,
				832341AE1AAA6A7D00B99B32 /* Libraries */,
				83CBBA001A601CBA00E9B192 /* Products */,
				2D16E6871FA4F8E400B85C8A /* Frameworks */,
				BBD78D7AC51CEA395F1C20DB /* Pods */,
				A00857B72D994D77BDB35F74 /* Resources */,
			);
			indentWidth = 2;
			sourceTree = "<group>";
			tabWidth = 2;
			usesTabs = 0;
		};
		83CBBA001A601CBA00E9B192 /* Products */ = {
			isa = PBXGroup;
			children = (
				13B07F961A680F5B00A75B9A /* TidesMobile.app */,
			);
			name = Products;
			sourceTree = "<group>";
		};
		A00857B72D994D77BDB35F74 /* Resources */ = {
			isa = PBXGroup;
			children = (
				8575FF0198274FFEBD3E3541 /* Inter-Italic-VariableFont_opsz,wght.ttf */,
				2FA23CD559C940A0A8869C47 /* Inter-VariableFont_opsz,wght.ttf */,
				8FD5A1F91D5142EBBCB9C8ED /* Inter_18pt-Black.ttf */,
				0C566970F57246C09DA39096 /* Inter_18pt-BlackItalic.ttf */,
				31523AE8C15048CAA8947268 /* Inter_18pt-Bold.ttf */,
				13B1F70048F048C2A7A80B77 /* Inter_18pt-BoldItalic.ttf */,
				D361106AC85B4E70858BC18F /* Inter_18pt-ExtraBold.ttf */,
				0754387945AF45D3BC5F5084 /* Inter_18pt-ExtraBoldItalic.ttf */,
				B3A13848E84C4185AD0041E6 /* Inter_18pt-ExtraLight.ttf */,
				33B78283D1FD42588D4C092E /* Inter_18pt-ExtraLightItalic.ttf */,
				A1FFFD9044714217803B3DD9 /* Inter_18pt-Italic.ttf */,
				7DFDF0E68CE1488DAB24FFA3 /* Inter_18pt-Light.ttf */,
				EE02A2A81294444AA6668C81 /* Inter_18pt-LightItalic.ttf */,
				F08D9B9B89E74EE8976ADD5A /* Inter_18pt-Medium.ttf */,
				837C4FF8FA0F493B8A68B268 /* Inter_18pt-MediumItalic.ttf */,
				9F2F53512B4F42B4A31E9661 /* Inter_18pt-Regular.ttf */,
				A2CA913183F04E80B6EB103B /* Inter_18pt-SemiBold.ttf */,
				52ADFE3BF4D3464894E1D11D /* Inter_18pt-SemiBoldItalic.ttf */,
				64A6FE6624BB44B7987A6194 /* Inter_18pt-Thin.ttf */,
				6A1F780B80AF4566871AF0DB /* Inter_18pt-ThinItalic.ttf */,
				258A6C092A1B4DF0A24A2F21 /* Inter_24pt-Black.ttf */,
				59AA33ACF9DB4E10B1178F29 /* Inter_24pt-BlackItalic.ttf */,
				4C3FBC6CD59F4332996BC384 /* Inter_24pt-Bold.ttf */,
				234D9888A33C4F91926C99A8 /* Inter_24pt-BoldItalic.ttf */,
				C6A52949304F4E889368DDC4 /* Inter_24pt-ExtraBold.ttf */,
				CD931D6A6A0540FF9510BA56 /* Inter_24pt-ExtraBoldItalic.ttf */,
				A9A66CEC5E7A42CA8444AF96 /* Inter_24pt-ExtraLight.ttf */,
				6FD2342172DA46B7ABA14146 /* Inter_24pt-ExtraLightItalic.ttf */,
				E3B4FA170B1D437780D18D0D /* Inter_24pt-Italic.ttf */,
				CD4FC1B4AE1D42F09B5AEC6F /* Inter_24pt-Light.ttf */,
				4ABC49F8AFDE4B94B419BA9C /* Inter_24pt-LightItalic.ttf */,
				21DC63C15BFF41D5BDA35D19 /* Inter_24pt-Medium.ttf */,
				CEEBF01F4BD047B0B4D05F2C /* Inter_24pt-MediumItalic.ttf */,
				EDF8FAA8901342D6B3EF3A5F /* Inter_24pt-Regular.ttf */,
				AB956748A0C94D16AC3B8131 /* Inter_24pt-SemiBold.ttf */,
				668541ED11AA41D985C80B82 /* Inter_24pt-SemiBoldItalic.ttf */,
				C50BD39066064098A77679C0 /* Inter_24pt-Thin.ttf */,
				4D4FD6C2FE6042118A51B71F /* Inter_24pt-ThinItalic.ttf */,
				22E0E610E80244F6BA42B347 /* Inter_28pt-Black.ttf */,
				B4A94364E1E04199B7D84D23 /* Inter_28pt-BlackItalic.ttf */,
				DB60950C65634E46AD5EBD26 /* Inter_28pt-Bold.ttf */,
				216CCF76E3244EB49ACE8CC2 /* Inter_28pt-BoldItalic.ttf */,
				F3B0DA48037644C69823D779 /* Inter_28pt-ExtraBold.ttf */,
				64291D4042ED48F78A753D32 /* Inter_28pt-ExtraBoldItalic.ttf */,
				DED38D2731BC420B9D5847D7 /* Inter_28pt-ExtraLight.ttf */,
				3A44BFEAE46A48468A4E6BC5 /* Inter_28pt-ExtraLightItalic.ttf */,
				026FB4C23F18429AA5DA3A20 /* Inter_28pt-Italic.ttf */,
				2131EBC9FA6346DDAFC37AA9 /* Inter_28pt-Light.ttf */,
				23BE0131D7F041828FC043FC /* Inter_28pt-LightItalic.ttf */,
				E33DA4AAAE1A4205A0504EE0 /* Inter_28pt-Medium.ttf */,
				43B8379CC624491D8C9B4ABE /* Inter_28pt-MediumItalic.ttf */,
				0315C051938348169D1C861C /* Inter_28pt-Regular.ttf */,
				262959EB15784D36B218A86A /* Inter_28pt-SemiBold.ttf */,
				2E10F6FC44074591A2F3D98E /* Inter_28pt-SemiBoldItalic.ttf */,
				948347F6715043F68E9F0D7D /* Inter_28pt-Thin.ttf */,
				3232D93D40634133B19AF766 /* Inter_28pt-ThinItalic.ttf */,
				89BCC507BF904DCEA7321A3F /* RobotoMono-Italic-VariableFont_wght.ttf */,
				BAB14B8002E84897BE2FA309 /* RobotoMono-VariableFont_wght.ttf */,
				1E53D3E9A7A145B4A80294F0 /* RobotoMono-Bold.ttf */,
				82B984F45B5746828AE7E0EC /* RobotoMono-BoldItalic.ttf */,
				4477248F22904E80B197F719 /* RobotoMono-ExtraLight.ttf */,
				B7A528C4716F401BB10CB9AB /* RobotoMono-ExtraLightItalic.ttf */,
				8A9EF7EB922846DC9D9F046A /* RobotoMono-Italic.ttf */,
				1EF980ADAB89497FBF16FDED /* RobotoMono-Light.ttf */,
				BBF809ECCBB440979DB22A38 /* RobotoMono-LightItalic.ttf */,
				3769B02DC46348238FA11DF8 /* RobotoMono-Medium.ttf */,
				99C13FBE517444709383004D /* RobotoMono-MediumItalic.ttf */,
				A68A44B424BA451A941EB3F7 /* RobotoMono-Regular.ttf */,
				DE817F1BE4454C43B4C94240 /* RobotoMono-SemiBold.ttf */,
				0A1F457DE1D1472387544D65 /* RobotoMono-SemiBoldItalic.ttf */,
				CAFA4BAB706144C488D2C084 /* RobotoMono-Thin.ttf */,
				607D1341E68042D59A12BCCC /* RobotoMono-ThinItalic.ttf */,
				7C88F176E9664D4EA2A5414A /* OFL.txt */,
				E8109DB601814CAF85BDC25F /* README.txt */,
			);
			name = Resources;
			sourceTree = "<group>";
		};
		BBD78D7AC51CEA395F1C20DB /* Pods */ = {
			isa = PBXGroup;
			children = (
				39B70C1419B3F440FA6D79A2 /* Pods-TidesMobile.debug.xcconfig */,
				597D6D56F0A939DCF561D5F0 /* Pods-TidesMobile.release.xcconfig */,
			);
			path = Pods;
			sourceTree = "<group>";
		};
/* End PBXGroup section */

/* Begin PBXNativeTarget section */
		13B07F861A680F5B00A75B9A /* TidesMobile */ = {
			isa = PBXNativeTarget;
			buildConfigurationList = 13B07F931A680F5B00A75B9A /* Build configuration list for PBXNativeTarget "TidesMobile" */;
			buildPhases = (
				2E57D70A2292DC4919072F76 /* [CP] Check Pods Manifest.lock */,
				13B07F871A680F5B00A75B9A /* Sources */,
				13B07F8C1A680F5B00A75B9A /* Frameworks */,
				13B07F8E1A680F5B00A75B9A /* Resources */,
				00DD1BFF1BD5951E006B06BC /* Bundle React Native code and images */,
				40EE39BAAAFBC123A604EFF3 /* [CP] Embed Pods Frameworks */,
				2A354F09DC8BCB4C84B37988 /* [CP] Copy Pods Resources */,
			);
			buildRules = (
			);
			dependencies = (
			);
			name = TidesMobile;
			productName = TidesMobile;
			productReference = 13B07F961A680F5B00A75B9A /* TidesMobile.app */;
			productType = "com.apple.product-type.application";
		};
/* End PBXNativeTarget section */

/* Begin PBXProject section */
		83CBB9F71A601CBA00E9B192 /* Project object */ = {
			isa = PBXProject;
			attributes = {
				LastUpgradeCheck = 1210;
				TargetAttributes = {
					13B07F861A680F5B00A75B9A = {
						LastSwiftMigration = 1120;
					};
				};
			};
			buildConfigurationList = 83CBB9FA1A601CBA00E9B192 /* Build configuration list for PBXProject "TidesMobile" */;
			compatibilityVersion = "Xcode 12.0";
			developmentRegion = en;
			hasScannedForEncodings = 0;
			knownRegions = (
				en,
				Base,
			);
			mainGroup = 83CBB9F61A601CBA00E9B192;
			productRefGroup = 83CBBA001A601CBA00E9B192 /* Products */;
			projectDirPath = "";
			projectRoot = "";
			targets = (
				13B07F861A680F5B00A75B9A /* TidesMobile */,
			);
		};
/* End PBXProject section */

/* Begin PBXResourcesBuildPhase section */
		13B07F8E1A680F5B00A75B9A /* Resources */ = {
			isa = PBXResourcesBuildPhase;
			buildActionMask = 2147483647;
			files = (
				81AB9BB82411601600AC10FF /* LaunchScreen.storyboard in Resources */,
				13B07FBF1A68108700A75B9A /* Images.xcassets in Resources */,
				FC559783852B8D252848E542 /* PrivacyInfo.xcprivacy in Resources */,
				EEE498CE64E6428B8A49BD14 /* Inter-Italic-VariableFont_opsz,wght.ttf in Resources */,
				D8F20B29A5C54D6A84B7318D /* Inter-VariableFont_opsz,wght.ttf in Resources */,
				05ED943CEF3B4A698C8AF021 /* Inter_18pt-Black.ttf in Resources */,
				4CAB934156394FD1B7D4C6A9 /* Inter_18pt-BlackItalic.ttf in Resources */,
				B01198D62D2048429E001AAA /* Inter_18pt-Bold.ttf in Resources */,
				B64D7210177641E9B44EAE6F /* Inter_18pt-BoldItalic.ttf in Resources */,
				D2600B0467DC41618BEFED56 /* Inter_18pt-ExtraBold.ttf in Resources */,
				97D7FCB99F904780A0C962D7 /* Inter_18pt-ExtraBoldItalic.ttf in Resources */,
				07571FD1AB5040D0979D18B3 /* Inter_18pt-ExtraLight.ttf in Resources */,
				253E66DD41BB41BC99631C0A /* Inter_18pt-ExtraLightItalic.ttf in Resources */,
				E1DDA64A1B8A431F8D569734 /* Inter_18pt-Italic.ttf in Resources */,
				22F4D81A8D8C436D8323E35A /* Inter_18pt-Light.ttf in Resources */,
				E795E07E62A54B4E8C2BF2D7 /* Inter_18pt-LightItalic.ttf in Resources */,
				64062E0A2EB24901B5299944 /* Inter_18pt-Medium.ttf in Resources */,
				CE31A9C8C3E44309AEDA0D85 /* Inter_18pt-MediumItalic.ttf in Resources */,
				B3342192FEFA4D45A84E88DF /* Inter_18pt-Regular.ttf in Resources */,
				54D712CC8FD744EE9A9FB60A /* Inter_18pt-SemiBold.ttf in Resources */,
				E402E9ADAB4047B6AEF06580 /* Inter_18pt-SemiBoldItalic.ttf in Resources */,
				510ED4479EBA4CD8B7212DA7 /* Inter_18pt-Thin.ttf in Resources */,
				1B259F4072EF4772A444BAD4 /* Inter_18pt-ThinItalic.ttf in Resources */,
				37F01E22BDF746F6B407D423 /* Inter_24pt-Black.ttf in Resources */,
				5DFFC9B049ED4434BC231094 /* Inter_24pt-BlackItalic.ttf in Resources */,
				F27026BB20BD4379B48DB21C /* Inter_24pt-Bold.ttf in Resources */,
				F1F57392C14943BE905F04D3 /* Inter_24pt-BoldItalic.ttf in Resources */,
				9CB82102C19E4D5AAE3BAF0C /* Inter_24pt-ExtraBold.ttf in Resources */,
				3200D14A9C8A474AA6E42319 /* Inter_24pt-ExtraBoldItalic.ttf in Resources */,
				E4CEC9DC3BD0491B8D32DB7D /* Inter_24pt-ExtraLight.ttf in Resources */,
				00E8EC6BEFF347AA8AC5B8A5 /* Inter_24pt-ExtraLightItalic.ttf in Resources */,
				CD1A965D74324FCBB61879E0 /* Inter_24pt-Italic.ttf in Resources */,
				6CBEA038E6E14A6DA54D4AA8 /* Inter_24pt-Light.ttf in Resources */,
				8BFB64250B144D27A334FCCB /* Inter_24pt-LightItalic.ttf in Resources */,
				400815146C22400593DB7F90 /* Inter_24pt-Medium.ttf in Resources */,
				BE10F429BA2B4E4C9C231371 /* Inter_24pt-MediumItalic.ttf in Resources */,
				9D9822A6B2364B90A4407EBC /* Inter_24pt-Regular.ttf in Resources */,
				B905892EA87149778532F727 /* Inter_24pt-SemiBold.ttf in Resources */,
				62C3547BF4804B559F2CD093 /* Inter_24pt-SemiBoldItalic.ttf in Resources */,
				F9722C82FCFD430691DE6401 /* Inter_24pt-Thin.ttf in Resources */,
				3B1D76A935144DF4A4B27438 /* Inter_24pt-ThinItalic.ttf in Resources */,
				AD19CADCE87042449CB3C8D3 /* Inter_28pt-Black.ttf in Resources */,
				8E3C33490C0B44658FB2D9E8 /* Inter_28pt-BlackItalic.ttf in Resources */,
				01B0956DC25D4DC99C1D5FFD /* Inter_28pt-Bold.ttf in Resources */,
				D37999BDE69C4B5EAA7D638E /* Inter_28pt-BoldItalic.ttf in Resources */,
				98054164C9BE4967B8E628B5 /* Inter_28pt-ExtraBold.ttf in Resources */,
				F75C464FFBB946CA844ED8EC /* Inter_28pt-ExtraBoldItalic.ttf in Resources */,
				049EB1D3A56446F3BBEF341A /* Inter_28pt-ExtraLight.ttf in Resources */,
				ED07719DD96049FBA3BA5D8C /* Inter_28pt-ExtraLightItalic.ttf in Resources */,
				9313B123298A488B956AD1DE /* Inter_28pt-Italic.ttf in Resources */,
				ECB28C6ED22B4603BE252446 /* Inter_28pt-Light.ttf in Resources */,
				F7DE8D11EEBC4F4998DF15AA /* Inter_28pt-LightItalic.ttf in Resources */,
				EE9B8BAF3EC54194A1A86236 /* Inter_28pt-Medium.ttf in Resources */,
				DBAD4BDC2B6D4792AF9FCF5C /* Inter_28pt-MediumItalic.ttf in Resources */,
				2DC35450B8444157B2A4025B /* Inter_28pt-Regular.ttf in Resources */,
				4A3B1FB942EB48368EF2719B /* Inter_28pt-SemiBold.ttf in Resources */,
				28ACB13BF60F4720B0869EF1 /* Inter_28pt-SemiBoldItalic.ttf in Resources */,
				B0CE5EB520F84B9493FDBDA6 /* Inter_28pt-Thin.ttf in Resources */,
				71F3DA76ACB1491295627123 /* Inter_28pt-ThinItalic.ttf in Resources */,
				3715CB2031974126B9ECDECA /* RobotoMono-Italic-VariableFont_wght.ttf in Resources */,
				AAE67438F62B46649DFE2D39 /* RobotoMono-VariableFont_wght.ttf in Resources */,
				A4605CB1E2C94FAF8BE7F8FA /* RobotoMono-Bold.ttf in Resources */,
				04F2F853E0D94B9E8DD5D5EA /* RobotoMono-BoldItalic.ttf in Resources */,
				1B15AFBEB48148BC9363509F /* RobotoMono-ExtraLight.ttf in Resources */,
				56D0BE246D1E4E96B3085F9A /* RobotoMono-ExtraLightItalic.ttf in Resources */,
				5A3B06CC499B4451A33D440B /* RobotoMono-Italic.ttf in Resources */,
				4C8AD7579BEC4CD296BA6626 /* RobotoMono-Light.ttf in Resources */,
				637267172DCD4BC595BBD71E /* RobotoMono-LightItalic.ttf in Resources */,
				26E7F44751774BB2B995611D /* RobotoMono-Medium.ttf in Resources */,
				3A9EC4F274114818B6EEC878 /* RobotoMono-MediumItalic.ttf in Resources */,
				25A33B8233C3497AB9211A30 /* RobotoMono-Regular.ttf in Resources */,
				F3E28EA2DC3445918D23474E /* RobotoMono-SemiBold.ttf in Resources */,
				74D62597C22F4EE9A59BC89A /* RobotoMono-SemiBoldItalic.ttf in Resources */,
				051E0840B0814EB4BDD0BEA3 /* RobotoMono-Thin.ttf in Resources */,
				85F433DED70B43EC9EBE3A13 /* RobotoMono-ThinItalic.ttf in Resources */,
				31766781407E452AA6A72561 /* OFL.txt in Resources */,
				0E17C4F3CE99483CA9A02062 /* README.txt in Resources */,
			);
			runOnlyForDeploymentPostprocessing = 0;
		};
/* End PBXResourcesBuildPhase section */

/* Begin PBXShellScriptBuildPhase section */
		00DD1BFF1BD5951E006B06BC /* Bundle React Native code and images */ = {
			isa = PBXShellScriptBuildPhase;
			buildActionMask = 2147483647;
			files = (
			);
			inputPaths = (
				"$(SRCROOT)/.xcode.env.local",
				"$(SRCROOT)/.xcode.env",
			);
			name = "Bundle React Native code and images";
			outputPaths = (
			);
			runOnlyForDeploymentPostprocessing = 0;
			shellPath = /bin/sh;
			shellScript = "set -e\n\nWITH_ENVIRONMENT=\"$REACT_NATIVE_PATH/scripts/xcode/with-environment.sh\"\nREACT_NATIVE_XCODE=\"$REACT_NATIVE_PATH/scripts/react-native-xcode.sh\"\n\n/bin/sh -c \"$WITH_ENVIRONMENT $REACT_NATIVE_XCODE\"\n";
		};
		2A354F09DC8BCB4C84B37988 /* [CP] Copy Pods Resources */ = {
			isa = PBXShellScriptBuildPhase;
			buildActionMask = 2147483647;
			files = (
			);
			inputFileListPaths = (
				"${PODS_ROOT}/Target Support Files/Pods-TidesMobile/Pods-TidesMobile-resources-${CONFIGURATION}-input-files.xcfilelist",
			);
			name = "[CP] Copy Pods Resources";
			outputFileListPaths = (
				"${PODS_ROOT}/Target Support Files/Pods-TidesMobile/Pods-TidesMobile-resources-${CONFIGURATION}-output-files.xcfilelist",
			);
			runOnlyForDeploymentPostprocessing = 0;
			shellPath = /bin/sh;
			shellScript = "\"${PODS_ROOT}/Target Support Files/Pods-TidesMobile/Pods-TidesMobile-resources.sh\"\n";
			showEnvVarsInLog = 0;
		};
		2E57D70A2292DC4919072F76 /* [CP] Check Pods Manifest.lock */ = {
			isa = PBXShellScriptBuildPhase;
			buildActionMask = 2147483647;
			files = (
			);
			inputFileListPaths = (
			);
			inputPaths = (
				"${PODS_PODFILE_DIR_PATH}/Podfile.lock",
				"${PODS_ROOT}/Manifest.lock",
			);
			name = "[CP] Check Pods Manifest.lock";
			outputFileListPaths = (
			);
			outputPaths = (
				"$(DERIVED_FILE_DIR)/Pods-TidesMobile-checkManifestLockResult.txt",
			);
			runOnlyForDeploymentPostprocessing = 0;
			shellPath = /bin/sh;
			shellScript = "diff \"${PODS_PODFILE_DIR_PATH}/Podfile.lock\" \"${PODS_ROOT}/Manifest.lock\" > /dev/null\nif [ $? != 0 ] ; then\n    # print error to STDERR\n    echo \"error: The sandbox is not in sync with the Podfile.lock. Run 'pod install' or update your CocoaPods installation.\" >&2\n    exit 1\nfi\n# This output is used by Xcode 'outputs' to avoid re-running this script phase.\necho \"SUCCESS\" > \"${SCRIPT_OUTPUT_FILE_0}\"\n";
			showEnvVarsInLog = 0;
		};
		40EE39BAAAFBC123A604EFF3 /* [CP] Embed Pods Frameworks */ = {
			isa = PBXShellScriptBuildPhase;
			buildActionMask = 2147483647;
			files = (
			);
			inputFileListPaths = (
				"${PODS_ROOT}/Target Support Files/Pods-TidesMobile/Pods-TidesMobile-frameworks-${CONFIGURATION}-input-files.xcfilelist",
			);
			name = "[CP] Embed Pods Frameworks";
			outputFileListPaths = (
				"${PODS_ROOT}/Target Support Files/Pods-TidesMobile/Pods-TidesMobile-frameworks-${CONFIGURATION}-output-files.xcfilelist",
			);
			runOnlyForDeploymentPostprocessing = 0;
			shellPath = /bin/sh;
			shellScript = "\"${PODS_ROOT}/Target Support Files/Pods-TidesMobile/Pods-TidesMobile-frameworks.sh\"\n";
			showEnvVarsInLog = 0;
		};
/* End PBXShellScriptBuildPhase section */

/* Begin PBXSourcesBuildPhase section */
		13B07F871A680F5B00A75B9A /* Sources */ = {
			isa = PBXSourcesBuildPhase;
			buildActionMask = 2147483647;
			files = (
				761780ED2CA45674006654EE /* AppDelegate.swift in Sources */,
			);
			runOnlyForDeploymentPostprocessing = 0;
		};
/* End PBXSourcesBuildPhase section */

/* Begin XCBuildConfiguration section */
		13B07F941A680F5B00A75B9A /* Debug */ = {
			isa = XCBuildConfiguration;
			baseConfigurationReference = 39B70C1419B3F440FA6D79A2 /* Pods-TidesMobile.debug.xcconfig */;
			buildSettings = {
				ASSETCATALOG_COMPILER_APPICON_NAME = AppIcon;
				CLANG_ENABLE_MODULES = YES;
				CURRENT_PROJECT_VERSION = 1;
				DEVELOPMENT_TEAM = RG656A2892;
				ENABLE_BITCODE = NO;
				INFOPLIST_FILE = TidesMobile/Info.plist;
				INFOPLIST_KEY_CFBundleDisplayName = Tides;
				INFOPLIST_KEY_LSApplicationCategoryType = "public.app-category.productivity";
				IPHONEOS_DEPLOYMENT_TARGET = 15.1;
				LD_RUNPATH_SEARCH_PATHS = (
					"$(inherited)",
					"@executable_path/Frameworks",
				);
				MARKETING_VERSION = 0.1.0;
				OTHER_LDFLAGS = (
					"$(inherited)",
					"-ObjC",
					"-lc++",
				);
				PRODUCT_BUNDLE_IDENTIFIER = com.tidesmobile;
				PRODUCT_NAME = TidesMobile;
				SWIFT_OPTIMIZATION_LEVEL = "-Onone";
				SWIFT_VERSION = 5.0;
				VERSIONING_SYSTEM = "apple-generic";
			};
			name = Debug;
		};
		13B07F951A680F5B00A75B9A /* Release */ = {
			isa = XCBuildConfiguration;
			baseConfigurationReference = 597D6D56F0A939DCF561D5F0 /* Pods-TidesMobile.release.xcconfig */;
			buildSettings = {
				ASSETCATALOG_COMPILER_APPICON_NAME = AppIcon;
				CLANG_ENABLE_MODULES = YES;
				CURRENT_PROJECT_VERSION = 1;
				DEVELOPMENT_TEAM = RG656A2892;
				INFOPLIST_FILE = TidesMobile/Info.plist;
				INFOPLIST_KEY_CFBundleDisplayName = Tides;
				INFOPLIST_KEY_LSApplicationCategoryType = "public.app-category.productivity";
				IPHONEOS_DEPLOYMENT_TARGET = 15.1;
				LD_RUNPATH_SEARCH_PATHS = (
					"$(inherited)",
					"@executable_path/Frameworks",
				);
				MARKETING_VERSION = 0.1.0;
				OTHER_LDFLAGS = (
					"$(inherited)",
					"-ObjC",
					"-lc++",
				);
				PRODUCT_BUNDLE_IDENTIFIER = com.tidesmobile;
				PRODUCT_NAME = TidesMobile;
				SWIFT_VERSION = 5.0;
				VERSIONING_SYSTEM = "apple-generic";
			};
			name = Release;
		};
		83CBBA201A601CBA00E9B192 /* Debug */ = {
			isa = XCBuildConfiguration;
			buildSettings = {
				ALWAYS_SEARCH_USER_PATHS = NO;
				CLANG_ANALYZER_LOCALIZABILITY_NONLOCALIZED = YES;
				CLANG_CXX_LANGUAGE_STANDARD = "c++20";
				CLANG_CXX_LIBRARY = "libc++";
				CLANG_ENABLE_MODULES = YES;
				CLANG_ENABLE_OBJC_ARC = YES;
				CLANG_WARN_BLOCK_CAPTURE_AUTORELEASING = YES;
				CLANG_WARN_BOOL_CONVERSION = YES;
				CLANG_WARN_COMMA = YES;
				CLANG_WARN_CONSTANT_CONVERSION = YES;
				CLANG_WARN_DEPRECATED_OBJC_IMPLEMENTATIONS = YES;
				CLANG_WARN_DIRECT_OBJC_ISA_USAGE = YES_ERROR;
				CLANG_WARN_EMPTY_BODY = YES;
				CLANG_WARN_ENUM_CONVERSION = YES;
				CLANG_WARN_INFINITE_RECURSION = YES;
				CLANG_WARN_INT_CONVERSION = YES;
				CLANG_WARN_NON_LITERAL_NULL_CONVERSION = YES;
				CLANG_WARN_OBJC_IMPLICIT_RETAIN_SELF = YES;
				CLANG_WARN_OBJC_LITERAL_CONVERSION = YES;
				CLANG_WARN_OBJC_ROOT_CLASS = YES_ERROR;
				CLANG_WARN_QUOTED_INCLUDE_IN_FRAMEWORK_HEADER = YES;
				CLANG_WARN_RANGE_LOOP_ANALYSIS = YES;
				CLANG_WARN_STRICT_PROTOTYPES = YES;
				CLANG_WARN_SUSPICIOUS_MOVE = YES;
				CLANG_WARN_UNREACHABLE_CODE = YES;
				CLANG_WARN__DUPLICATE_METHOD_MATCH = YES;
				"CODE_SIGN_IDENTITY[sdk=iphoneos*]" = "iPhone Developer";
				COPY_PHASE_STRIP = NO;
				DEAD_CODE_STRIPPING = YES;
				ENABLE_STRICT_OBJC_MSGSEND = YES;
				ENABLE_TESTABILITY = YES;
				"EXCLUDED_ARCHS[sdk=iphonesimulator*]" = "";
				GCC_C_LANGUAGE_STANDARD = gnu99;
				GCC_DYNAMIC_NO_PIC = NO;
				GCC_NO_COMMON_BLOCKS = YES;
				GCC_OPTIMIZATION_LEVEL = 0;
				GCC_PREPROCESSOR_DEFINITIONS = (
					"DEBUG=1",
					"$(inherited)",
				);
				GCC_SYMBOLS_PRIVATE_EXTERN = NO;
				GCC_WARN_64_TO_32_BIT_CONVERSION = YES;
				GCC_WARN_ABOUT_RETURN_TYPE = YES_ERROR;
				GCC_WARN_UNDECLARED_SELECTOR = YES;
				GCC_WARN_UNINITIALIZED_AUTOS = YES_AGGRESSIVE;
				GCC_WARN_UNUSED_FUNCTION = YES;
				GCC_WARN_UNUSED_VARIABLE = YES;
				IPHONEOS_DEPLOYMENT_TARGET = 15.1;
				LD_RUNPATH_SEARCH_PATHS = (
					/usr/lib/swift,
					"$(inherited)",
				);
				LIBRARY_SEARCH_PATHS = (
					"\"$(SDKROOT)/usr/lib/swift\"",
					"\"$(TOOLCHAIN_DIR)/usr/lib/swift/$(PLATFORM_NAME)\"",
					"\"$(inherited)\"",
				);
				MTL_ENABLE_DEBUG_INFO = YES;
				ONLY_ACTIVE_ARCH = YES;
				OTHER_CPLUSPLUSFLAGS = (
					"$(OTHER_CFLAGS)",
					"-DFOLLY_NO_CONFIG",
					"-DFOLLY_MOBILE=1",
					"-DFOLLY_USE_LIBCPP=1",
					"-DFOLLY_CFG_NO_COROUTINES=1",
					"-DFOLLY_HAVE_CLOCK_GETTIME=1",
				);
				OTHER_LDFLAGS = (
					"$(inherited)",
					" ",
				);
				REACT_NATIVE_PATH = "${PODS_ROOT}/../../node_modules/react-native";
				SDKROOT = iphoneos;
				SWIFT_ACTIVE_COMPILATION_CONDITIONS = "$(inherited) DEBUG";
				USE_HERMES = true;
			};
			name = Debug;
		};
		83CBBA211A601CBA00E9B192 /* Release */ = {
			isa = XCBuildConfiguration;
			buildSettings = {
				ALWAYS_SEARCH_USER_PATHS = NO;
				CLANG_ANALYZER_LOCALIZABILITY_NONLOCALIZED = YES;
				CLANG_CXX_LANGUAGE_STANDARD = "c++20";
				CLANG_CXX_LIBRARY = "libc++";
				CLANG_ENABLE_MODULES = YES;
				CLANG_ENABLE_OBJC_ARC = YES;
				CLANG_WARN_BLOCK_CAPTURE_AUTORELEASING = YES;
				CLANG_WARN_BOOL_CONVERSION = YES;
				CLANG_WARN_COMMA = YES;
				CLANG_WARN_CONSTANT_CONVERSION = YES;
				CLANG_WARN_DEPRECATED_OBJC_IMPLEMENTATIONS = YES;
				CLANG_WARN_DIRECT_OBJC_ISA_USAGE = YES_ERROR;
				CLANG_WARN_EMPTY_BODY = YES;
				CLANG_WARN_ENUM_CONVERSION = YES;
				CLANG_WARN_INFINITE_RECURSION = YES;
				CLANG_WARN_INT_CONVERSION = YES;
				CLANG_WARN_NON_LITERAL_NULL_CONVERSION = YES;
				CLANG_WARN_OBJC_IMPLICIT_RETAIN_SELF = YES;
				CLANG_WARN_OBJC_LITERAL_CONVERSION = YES;
				CLANG_WARN_OBJC_ROOT_CLASS = YES_ERROR;
				CLANG_WARN_QUOTED_INCLUDE_IN_FRAMEWORK_HEADER = YES;
				CLANG_WARN_RANGE_LOOP_ANALYSIS = YES;
				CLANG_WARN_STRICT_PROTOTYPES = YES;
				CLANG_WARN_SUSPICIOUS_MOVE = YES;
				CLANG_WARN_UNREACHABLE_CODE = YES;
				CLANG_WARN__DUPLICATE_METHOD_MATCH = YES;
				"CODE_SIGN_IDENTITY[sdk=iphoneos*]" = "iPhone Developer";
				COPY_PHASE_STRIP = YES;
				DEAD_CODE_STRIPPING = YES;
				ENABLE_NS_ASSERTIONS = NO;
				ENABLE_STRICT_OBJC_MSGSEND = YES;
				"EXCLUDED_ARCHS[sdk=iphonesimulator*]" = "";
				GCC_C_LANGUAGE_STANDARD = gnu99;
				GCC_NO_COMMON_BLOCKS = YES;
				GCC_WARN_64_TO_32_BIT_CONVERSION = YES;
				GCC_WARN_ABOUT_RETURN_TYPE = YES_ERROR;
				GCC_WARN_UNDECLARED_SELECTOR = YES;
				GCC_WARN_UNINITIALIZED_AUTOS = YES_AGGRESSIVE;
				GCC_WARN_UNUSED_FUNCTION = YES;
				GCC_WARN_UNUSED_VARIABLE = YES;
				IPHONEOS_DEPLOYMENT_TARGET = 15.1;
				LD_RUNPATH_SEARCH_PATHS = (
					/usr/lib/swift,
					"$(inherited)",
				);
				LIBRARY_SEARCH_PATHS = (
					"\"$(SDKROOT)/usr/lib/swift\"",
					"\"$(TOOLCHAIN_DIR)/usr/lib/swift/$(PLATFORM_NAME)\"",
					"\"$(inherited)\"",
				);
				MTL_ENABLE_DEBUG_INFO = NO;
				OTHER_CPLUSPLUSFLAGS = (
					"$(OTHER_CFLAGS)",
					"-DFOLLY_NO_CONFIG",
					"-DFOLLY_MOBILE=1",
					"-DFOLLY_USE_LIBCPP=1",
					"-DFOLLY_CFG_NO_COROUTINES=1",
					"-DFOLLY_HAVE_CLOCK_GETTIME=1",
				);
				OTHER_LDFLAGS = (
					"$(inherited)",
					" ",
				);
				REACT_NATIVE_PATH = "${PODS_ROOT}/../../node_modules/react-native";
				SDKROOT = iphoneos;
				USE_HERMES = true;
				VALIDATE_PRODUCT = YES;
			};
			name = Release;
		};
/* End XCBuildConfiguration section */

/* Begin XCConfigurationList section */
		13B07F931A680F5B00A75B9A /* Build configuration list for PBXNativeTarget "TidesMobile" */ = {
			isa = XCConfigurationList;
			buildConfigurations = (
				13B07F941A680F5B00A75B9A /* Debug */,
				13B07F951A680F5B00A75B9A /* Release */,
			);
			defaultConfigurationIsVisible = 0;
			defaultConfigurationName = Release;
		};
		83CBB9FA1A601CBA00E9B192 /* Build configuration list for PBXProject "TidesMobile" */ = {
			isa = XCConfigurationList;
			buildConfigurations = (
				83CBBA201A601CBA00E9B192 /* Debug */,
				83CBBA211A601CBA00E9B192 /* Release */,
			);
			defaultConfigurationIsVisible = 0;
			defaultConfigurationName = Release;
		};
/* End XCConfigurationList section */
	};
	rootObject = 83CBB9F71A601CBA00E9B192 /* Project object */;
}
